{
    "name": "isogl",
    "version": "0.0.19",
    "lockfileVersion": 2,
    "requires": true,
    "packages": {
        "": {
            "name": "isogl",
            "version": "0.0.19",
            "license": "ISC",
            "devDependencies": {
                "isogl": "^0.0.18"
            }
        },
        "node_modules/isogl": {
            "version": "0.0.18",
            "resolved": "https://registry.npmjs.org/isogl/-/isogl-0.0.18.tgz",
            "integrity": "sha512-jzxyEvKLwz5IAwXzEWJa5/1baUSCeqUbuAWmS2znKh2Ek92XPJqHZ8jEXkh0BsWnjTt2aL+jU2j4x8NLEl7mBA==",
            "dev": true
        }
    },
    "dependencies": {
        "isogl": {
            "version": "0.0.18",
            "resolved": "https://registry.npmjs.org/isogl/-/isogl-0.0.18.tgz",
            "integrity": "sha512-jzxyEvKLwz5IAwXzEWJa5/1baUSCeqUbuAWmS2znKh2Ek92XPJqHZ8jEXkh0BsWnjTt2aL+jU2j4x8NLEl7mBA==",
            "dev": true
        }
    }
}
